
Microsoft Visual Studio Solution File, Format Version 12.00
# Visual Studio Version 16
VisualStudioVersion = 16.0.31005.135
MinimumVisualStudioVersion = 10.0.40219.1
Project("{FAE04EC0-301F-11D3-BF4B-00C04F79EFBC}") = "laba5", "laba5\laba5.csproj", "{72EB791B-2E98-40B3-B587-7CC63910F589}"
EndProject
Global
	GlobalSection(SolutionConfigurationPlatforms) = preSolution
		Debug|Any CPU = Debug|Any CPU
		Release|Any CPU = Release|Any CPU
	EndGlobalSection
	GlobalSection(ProjectConfigurationPlatforms) = postSolution
		{72EB791B-2E98-40B3-B587-7CC63910F589}.Debug|Any CPU.ActiveCfg = Debug|Any CPU
		{72EB791B-2E98-40B3-B587-7CC63910F589}.Debug|Any CPU.Build.0 = Debug|Any CPU
		{72EB791B-2E98-40B3-B587-7CC63910F589}.Release|Any CPU.ActiveCfg = Release|Any CPU
		{72EB791B-2E98-40B3-B587-7CC63910F589}.Release|Any CPU.Build.0 = Release|Any CPU
	EndGlobalSection
	GlobalSection(SolutionProperties) = preSolution
		HideSolutionNode = FALSE
	EndGlobalSection
	GlobalSection(ExtensibilityGlobals) = postSolution
		SolutionGuid = {B6A2BAD4-C0D9-453A-A190-1919FF2C33A8}
	EndGlobalSection
EndGlobal
